
Microsoft Visual Studio Solution File, Format Version 12.00
# Visual Studio Version 17
VisualStudioVersion = 17.13.35931.197
MinimumVisualStudioVersion = 10.0.40219.1
Project("{FAE04EC0-301F-11D3-BF4B-00C04F79EFBC}") = "Task1_DenominationRoutine", "Task1_DenominationRoutine\Task1_DenominationRoutine.csproj", "{B92BB0CD-EBAE-42FF-AD58-DC1C8302EE74}"
EndProject
Project("{FAE04EC0-301F-11D3-BF4B-00C04F79EFBC}") = "Task2_MinimalRestApi_CustomerManager", "Task2_MinimalRestApi_CustomerManager\Task2_MinimalRestApi_CustomerManager.csproj", "{1D38889E-8D35-43D6-B908-13E169FF8098}"
EndProject
Project("{FAE04EC0-301F-11D3-BF4B-00C04F79EFBC}") = "Task3_Bonus", "DockerContainerForWebApi\Task3_Bonus.csproj", "{C85C3E51-D6AC-44FF-B6E1-0D8329EB9C92}"
EndProject
Project("{FAE04EC0-301F-11D3-BF4B-00C04F79EFBC}") = "Task4_Google_CloudDeployment", "Task4_Google_CloudDeployment\Task4_Google_CloudDeployment.csproj", "{818E08AB-9EAA-4C35-AAFD-0D2FD8DEC935}"
EndProject
Global
	GlobalSection(SolutionConfigurationPlatforms) = preSolution
		Debug|Any CPU = Debug|Any CPU
		Release|Any CPU = Release|Any CPU
	EndGlobalSection
	GlobalSection(ProjectConfigurationPlatforms) = postSolution
		{B92BB0CD-EBAE-42FF-AD58-DC1C8302EE74}.Debug|Any CPU.ActiveCfg = Debug|Any CPU
		{B92BB0CD-EBAE-42FF-AD58-DC1C8302EE74}.Debug|Any CPU.Build.0 = Debug|Any CPU
		{B92BB0CD-EBAE-42FF-AD58-DC1C8302EE74}.Release|Any CPU.ActiveCfg = Release|Any CPU
		{B92BB0CD-EBAE-42FF-AD58-DC1C8302EE74}.Release|Any CPU.Build.0 = Release|Any CPU
		{1D38889E-8D35-43D6-B908-13E169FF8098}.Debug|Any CPU.ActiveCfg = Debug|Any CPU
		{1D38889E-8D35-43D6-B908-13E169FF8098}.Debug|Any CPU.Build.0 = Debug|Any CPU
		{1D38889E-8D35-43D6-B908-13E169FF8098}.Release|Any CPU.ActiveCfg = Release|Any CPU
		{1D38889E-8D35-43D6-B908-13E169FF8098}.Release|Any CPU.Build.0 = Release|Any CPU
		{C85C3E51-D6AC-44FF-B6E1-0D8329EB9C92}.Debug|Any CPU.ActiveCfg = Debug|Any CPU
		{C85C3E51-D6AC-44FF-B6E1-0D8329EB9C92}.Debug|Any CPU.Build.0 = Debug|Any CPU
		{C85C3E51-D6AC-44FF-B6E1-0D8329EB9C92}.Release|Any CPU.ActiveCfg = Release|Any CPU
		{C85C3E51-D6AC-44FF-B6E1-0D8329EB9C92}.Release|Any CPU.Build.0 = Release|Any CPU
		{818E08AB-9EAA-4C35-AAFD-0D2FD8DEC935}.Debug|Any CPU.ActiveCfg = Debug|Any CPU
		{818E08AB-9EAA-4C35-AAFD-0D2FD8DEC935}.Debug|Any CPU.Build.0 = Debug|Any CPU
		{818E08AB-9EAA-4C35-AAFD-0D2FD8DEC935}.Release|Any CPU.ActiveCfg = Release|Any CPU
		{818E08AB-9EAA-4C35-AAFD-0D2FD8DEC935}.Release|Any CPU.Build.0 = Release|Any CPU
	EndGlobalSection
	GlobalSection(SolutionProperties) = preSolution
		HideSolutionNode = FALSE
	EndGlobalSection
	GlobalSection(ExtensibilityGlobals) = postSolution
		SolutionGuid = {A8BDDCDD-DF2A-4E28-A1A2-FDF288FEFA2B}
	EndGlobalSection
EndGlobal
